
Microsoft Visual Studio Solution File, Format Version 12.00
# Visual Studio Version 16
VisualStudioVersion = 16.0.30413.136
MinimumVisualStudioVersion = 10.0.40219.1
Project("{FAE04EC0-301F-11D3-BF4B-00C04F79EFBC}") = "Order", "Order\Order.csproj", "{574CFA58-F0A7-4769-91FB-3FE25A09DE2D}"
EndProject
Global
	GlobalSection(SolutionConfigurationPlatforms) = preSolution
		Debug|Any CPU = Debug|Any CPU
		Release|Any CPU = Release|Any CPU
	EndGlobalSection
	GlobalSection(ProjectConfigurationPlatforms) = postSolution
		{574CFA58-F0A7-4769-91FB-3FE25A09DE2D}.Debug|Any CPU.ActiveCfg = Debug|Any CPU
		{574CFA58-F0A7-4769-91FB-3FE25A09DE2D}.Debug|Any CPU.Build.0 = Debug|Any CPU
		{574CFA58-F0A7-4769-91FB-3FE25A09DE2D}.Release|Any CPU.ActiveCfg = Release|Any CPU
		{574CFA58-F0A7-4769-91FB-3FE25A09DE2D}.Release|Any CPU.Build.0 = Release|Any CPU
	EndGlobalSection
	GlobalSection(SolutionProperties) = preSolution
		HideSolutionNode = FALSE
	EndGlobalSection
	GlobalSection(ExtensibilityGlobals) = postSolution
		SolutionGuid = {CEDECE63-A260-4A76-8A23-9AA2D786B3B1}
	EndGlobalSection
EndGlobal
